
Microsoft Visual Studio Solution File, Format Version 12.00
Project("{FAE04EC0-301F-11D3-BF4B-00C04F79EFBC}") = "DailyReading.Web", "DailyReading.Web\DailyReading.Web.csproj", "{A8CB694C-038C-4943-A120-688F66A9BF3D}"
EndProject
Project("{FAE04EC0-301F-11D3-BF4B-00C04F79EFBC}") = "DailyReading.Data", "DailyReading.Data\DailyReading.Data.csproj", "{C82B2D68-2E46-4E28-8074-55953D58FA9D}"
EndProject
Global
	GlobalSection(SolutionConfigurationPlatforms) = preSolution
		Debug|Any CPU = Debug|Any CPU
		Release|Any CPU = Release|Any CPU
	EndGlobalSection
	GlobalSection(ProjectConfigurationPlatforms) = postSolution
		{A8CB694C-038C-4943-A120-688F66A9BF3D}.Debug|Any CPU.ActiveCfg = Debug|Any CPU
		{A8CB694C-038C-4943-A120-688F66A9BF3D}.Debug|Any CPU.Build.0 = Debug|Any CPU
		{A8CB694C-038C-4943-A120-688F66A9BF3D}.Release|Any CPU.ActiveCfg = Release|Any CPU
		{A8CB694C-038C-4943-A120-688F66A9BF3D}.Release|Any CPU.Build.0 = Release|Any CPU
		{C82B2D68-2E46-4E28-8074-55953D58FA9D}.Debug|Any CPU.ActiveCfg = Debug|Any CPU
		{C82B2D68-2E46-4E28-8074-55953D58FA9D}.Debug|Any CPU.Build.0 = Debug|Any CPU
		{C82B2D68-2E46-4E28-8074-55953D58FA9D}.Release|Any CPU.ActiveCfg = Release|Any CPU
		{C82B2D68-2E46-4E28-8074-55953D58FA9D}.Release|Any CPU.Build.0 = Release|Any CPU
	EndGlobalSection
EndGlobal
